// !$*UTF8*$!
{
	archiveVersion = 1;
	classes = {
	};
	objectVersion = 50;
	objects = {

/* Begin PBXBuildFile section */
		6FF76B8E240ED47C002AF250 /* AppDelegate.swift in Sources */ = {isa = PBXBuildFile; fileRef = 6FF76B8D240ED47C002AF250 /* AppDelegate.swift */; };
		6FF76B90240ED47C002AF250 /* SceneDelegate.swift in Sources */ = {isa = PBXBuildFile; fileRef = 6FF76B8F240ED47C002AF250 /* SceneDelegate.swift */; };
		6FF76B92240ED47C002AF250 /* ViewController.swift in Sources */ = {isa = PBXBuildFile; fileRef = 6FF76B91240ED47C002AF250 /* ViewController.swift */; };
		6FF76B97240ED481002AF250 /* Assets.xcassets in Resources */ = {isa = PBXBuildFile; fileRef = 6FF76B96240ED481002AF250 /* Assets.xcassets */; };
		6FF76B9A240ED481002AF250 /* LaunchScreen.storyboard in Resources */ = {isa = PBXBuildFile; fileRef = 6FF76B98240ED481002AF250 /* LaunchScreen.storyboard */; };
		6FF76BA2240ED700002AF250 /* User.swift in Sources */ = {isa = PBXBuildFile; fileRef = 6FF76BA1240ED700002AF250 /* User.swift */; };
		6FF76BA4240ED953002AF250 /* UserCell.swift in Sources */ = {isa = PBXBuildFile; fileRef = 6FF76BA3240ED953002AF250 /* UserCell.swift */; };
		6FF76BA9240EE56D002AF250 /* UserViewController.swift in Sources */ = {isa = PBXBuildFile; fileRef = 6FF76BA8240EE56D002AF250 /* UserViewController.swift */; };
/* End PBXBuildFile section */

/* Begin PBXFileReference section */
		6FF76B8A240ED47C002AF250 /* MobFinal.app */ = {isa = PBXFileReference; explicitFileType = wrapper.application; includeInIndex = 0; path = MobFinal.app; sourceTree = BUILT_PRODUCTS_DIR; };
		6FF76B8D240ED47C002AF250 /* AppDelegate.swift */ = {isa = PBXFileReference; lastKnownFileType = sourcecode.swift; path = AppDelegate.swift; sourceTree = "<group>"; };
		6FF76B8F240ED47C002AF250 /* SceneDelegate.swift */ = {isa = PBXFileReference; lastKnownFileType = sourcecode.swift; path = SceneDelegate.swift; sourceTree = "<group>"; };
		6FF76B91240ED47C002AF250 /* ViewController.swift */ = {isa = PBXFileReference; lastKnownFileType = sourcecode.swift; path = ViewController.swift; sourceTree = "<group>"; };
		6FF76B96240ED481002AF250 /* Assets.xcassets */ = {isa = PBXFileReference; lastKnownFileType = folder.assetcatalog; path = Assets.xcassets; sourceTree = "<group>"; };
		6FF76B99240ED481002AF250 /* Base */ = {isa = PBXFileReference; lastKnownFileType = file.storyboard; name = Base; path = Base.lproj/LaunchScreen.storyboard; sourceTree = "<group>"; };
		6FF76B9B240ED481002AF250 /* Info.plist */ = {isa = PBXFileReference; lastKnownFileType = text.plist.xml; path = Info.plist; sourceTree = "<group>"; };
		6FF76BA1240ED700002AF250 /* User.swift */ = {isa = PBXFileReference; lastKnownFileType = sourcecode.swift; path = User.swift; sourceTree = "<group>"; };
		6FF76BA3240ED953002AF250 /* UserCell.swift */ = {isa = PBXFileReference; lastKnownFileType = sourcecode.swift; path = UserCell.swift; sourceTree = "<group>"; };
		6FF76BA8240EE56D002AF250 /* UserViewController.swift */ = {isa = PBXFileReference; lastKnownFileType = sourcecode.swift; path = UserViewController.swift; sourceTree = "<group>"; };
/* End PBXFileReference section */

/* Begin PBXFrameworksBuildPhase section */
		6FF76B87240ED47C002AF250 /* Frameworks */ = {
			isa = PBXFrameworksBuildPhase;
			buildActionMask = 2147483647;
			files = (
			);
			runOnlyForDeploymentPostprocessing = 0;
		};
/* End PBXFrameworksBuildPhase section */

/* Begin PBXGroup section */
		6FF76B81240ED47C002AF250 = {
			isa = PBXGroup;
			children = (
				6FF76B8C240ED47C002AF250 /* MobFinal */,
				6FF76B8B240ED47C002AF250 /* Products */,
			);
			sourceTree = "<group>";
		};
		6FF76B8B240ED47C002AF250 /* Products */ = {
			isa = PBXGroup;
			children = (
				6FF76B8A240ED47C002AF250 /* MobFinal.app */,
			);
			name = Products;
			sourceTree = "<group>";
		};
		6FF76B8C240ED47C002AF250 /* MobFinal */ = {
			isa = PBXGroup;
			children = (
				6FF76B8D240ED47C002AF250 /* AppDelegate.swift */,
				6FF76B8F240ED47C002AF250 /* SceneDelegate.swift */,
				6FF76BA5240EE4CE002AF250 /* Model */,
				6FF76BA6240EE4F2002AF250 /* Controller */,
				6FF76BA7240EE548002AF250 /* Views */,
				6FF76B96240ED481002AF250 /* Assets.xcassets */,
				6FF76B98240ED481002AF250 /* LaunchScreen.storyboard */,
				6FF76B9B240ED481002AF250 /* Info.plist */,
			);
			path = MobFinal;
			sourceTree = "<group>";
		};
		6FF76BA5240EE4CE002AF250 /* Model */ = {
			isa = PBXGroup;
			children = (
				6FF76BA1240ED700002AF250 /* User.swift */,
			);
			path = Model;
			sourceTree = "<group>";
		};
		6FF76BA6240EE4F2002AF250 /* Controller */ = {
			isa = PBXGroup;
			children = (
				6FF76B91240ED47C002AF250 /* ViewController.swift */,
				6FF76BA3240ED953002AF250 /* UserCell.swift */,
			);
			path = Controller;
			sourceTree = "<group>";
		};
		6FF76BA7240EE548002AF250 /* Views */ = {
			isa = PBXGroup;
			children = (
				6FF76BA8240EE56D002AF250 /* UserViewController.swift */,
			);
			path = Views;
			sourceTree = "<group>";
		};
/* End PBXGroup section */

/* Begin PBXNativeTarget section */
		6FF76B89240ED47C002AF250 /* MobFinal */ = {
			isa = PBXNativeTarget;
			buildConfigurationList = 6FF76B9E240ED481002AF250 /* Build configuration list for PBXNativeTarget "MobFinal" */;
			buildPhases = (
				6FF76B86240ED47C002AF250 /* Sources */,
				6FF76B87240ED47C002AF250 /* Frameworks */,
				6FF76B88240ED47C002AF250 /* Resources */,
			);
			buildRules = (
			);
			dependencies = (
			);
			name = MobFinal;
			productName = MobFinal;
			productReference = 6FF76B8A240ED47C002AF250 /* MobFinal.app */;
			productType = "com.apple.product-type.application";
		};
/* End PBXNativeTarget section */

/* Begin PBXProject section */
		6FF76B82240ED47C002AF250 /* Project object */ = {
			isa = PBXProject;
			attributes = {
				LastSwiftUpdateCheck = 1130;
				LastUpgradeCheck = 1130;
				ORGANIZATIONNAME = Mondale;
				TargetAttributes = {
					6FF76B89240ED47C002AF250 = {
						CreatedOnToolsVersion = 11.3.1;
					};
				};
			};
			buildConfigurationList = 6FF76B85240ED47C002AF250 /* Build configuration list for PBXProject "MobFinal" */;
			compatibilityVersion = "Xcode 9.3";
			developmentRegion = en;
			hasScannedForEncodings = 0;
			knownRegions = (
				en,
				Base,
			);
			mainGroup = 6FF76B81240ED47C002AF250;
			productRefGroup = 6FF76B8B240ED47C002AF250 /* Products */;
			projectDirPath = "";
			projectRoot = "";
			targets = (
				6FF76B89240ED47C002AF250 /* MobFinal */,
			);
		};
/* End PBXProject section */

/* Begin PBXResourcesBuildPhase section */
		6FF76B88240ED47C002AF250 /* Resources */ = {
			isa = PBXResourcesBuildPhase;
			buildActionMask = 2147483647;
			files = (
				6FF76B9A240ED481002AF250 /* LaunchScreen.storyboard in Resources */,
				6FF76B97240ED481002AF250 /* Assets.xcassets in Resources */,
			);
			runOnlyForDeploymentPostprocessing = 0;
		};
/* End PBXResourcesBuildPhase section */

/* Begin PBXSourcesBuildPhase section */
		6FF76B86240ED47C002AF250 /* Sources */ = {
			isa = PBXSourcesBuildPhase;
			buildActionMask = 2147483647;
			files = (
				6FF76BA2240ED700002AF250 /* User.swift in Sources */,
				6FF76BA9240EE56D002AF250 /* UserViewController.swift in Sources */,
				6FF76B92240ED47C002AF250 /* ViewController.swift in Sources */,
				6FF76B8E240ED47C002AF250 /* AppDelegate.swift in Sources */,
				6FF76BA4240ED953002AF250 /* UserCell.swift in Sources */,
				6FF76B90240ED47C002AF250 /* SceneDelegate.swift in Sources */,
			);
			runOnlyForDeploymentPostprocessing = 0;
		};
/* End PBXSourcesBuildPhase section */

/* Begin PBXVariantGroup section */
		6FF76B98240ED481002AF250 /* LaunchScreen.storyboard */ = {
			isa = PBXVariantGroup;
			children = (
				6FF76B99240ED481002AF250 /* Base */,
			);
			name = LaunchScreen.storyboard;
			sourceTree = "<group>";
		};
/* End PBXVariantGroup section */

/* Begin XCBuildConfiguration section */
		6FF76B9C240ED481002AF250 /* Debug */ = {
			isa = XCBuildConfiguration;
			buildSettings = {
				ALWAYS_SEARCH_USER_PATHS = NO;
				CLANG_ANALYZER_NONNULL = YES;
				CLANG_ANALYZER_NUMBER_OBJECT_CONVERSION = YES_AGGRESSIVE;
				CLANG_CXX_LANGUAGE_STANDARD = "gnu++14";
				CLANG_CXX_LIBRARY = "libc++";
				CLANG_ENABLE_MODULES = YES;
				CLANG_ENABLE_OBJC_ARC = YES;
				CLANG_ENABLE_OBJC_WEAK = YES;
				CLANG_WARN_BLOCK_CAPTURE_AUTORELEASING = YES;
				CLANG_WARN_BOOL_CONVERSION = YES;
				CLANG_WARN_COMMA = YES;
				CLANG_WARN_CONSTANT_CONVERSION = YES;
				CLANG_WARN_DEPRECATED_OBJC_IMPLEMENTATIONS = YES;
				CLANG_WARN_DIRECT_OBJC_ISA_USAGE = YES_ERROR;
				CLANG_WARN_DOCUMENTATION_COMMENTS = YES;
				CLANG_WARN_EMPTY_BODY = YES;
				CLANG_WARN_ENUM_CONVERSION = YES;
				CLANG_WARN_INFINITE_RECURSION = YES;
				CLANG_WARN_INT_CONVERSION = YES;
				CLANG_WARN_NON_LITERAL_NULL_CONVERSION = YES;
				CLANG_WARN_OBJC_IMPLICIT_RETAIN_SELF = YES;
				CLANG_WARN_OBJC_LITERAL_CONVERSION = YES;
				CLANG_WARN_OBJC_ROOT_CLASS = YES_ERROR;
				CLANG_WARN_RANGE_LOOP_ANALYSIS = YES;
				CLANG_WARN_STRICT_PROTOTYPES = YES;
				CLANG_WARN_SUSPICIOUS_MOVE = YES;
				CLANG_WARN_UNGUARDED_AVAILABILITY = YES_AGGRESSIVE;
				CLANG_WARN_UNREACHABLE_CODE = YES;
				CLANG_WARN__DUPLICATE_METHOD_MATCH = YES;
				COPY_PHASE_STRIP = NO;
				DEBUG_INFORMATION_FORMAT = dwarf;
				ENABLE_STRICT_OBJC_MSGSEND = YES;
				ENABLE_TESTABILITY = YES;
				GCC_C_LANGUAGE_STANDARD = gnu11;
				GCC_DYNAMIC_NO_PIC = NO;
				GCC_NO_COMMON_BLOCKS = YES;
				GCC_OPTIMIZATION_LEVEL = 0;
				GCC_PREPROCESSOR_DEFINITIONS = (
					"DEBUG=1",
					"$(inherited)",
				);
				GCC_WARN_64_TO_32_BIT_CONVERSION = YES;
				GCC_WARN_ABOUT_RETURN_TYPE = YES_ERROR;
				GCC_WARN_UNDECLARED_SELECTOR = YES;
				GCC_WARN_UNINITIALIZED_AUTOS = YES_AGGRESSIVE;
				GCC_WARN_UNUSED_FUNCTION = YES;
				GCC_WARN_UNUSED_VARIABLE = YES;
				IPHONEOS_DEPLOYMENT_TARGET = 13.2;
				MTL_ENABLE_DEBUG_INFO = INCLUDE_SOURCE;
				MTL_FAST_MATH = YES;
				ONLY_ACTIVE_ARCH = YES;
				SDKROOT = iphoneos;
				SWIFT_ACTIVE_COMPILATION_CONDITIONS = DEBUG;
				SWIFT_OPTIMIZATION_LEVEL = "-Onone";
			};
			name = Debug;
		};
		6FF76B9D240ED481002AF250 /* Release */ = {
			isa = XCBuildConfiguration;
			buildSettings = {
				ALWAYS_SEARCH_USER_PATHS = NO;
				CLANG_ANALYZER_NONNULL = YES;
				CLANG_ANALYZER_NUMBER_OBJECT_CONVERSION = YES_AGGRESSIVE;
				CLANG_CXX_LANGUAGE_STANDARD = "gnu++14";
				CLANG_CXX_LIBRARY = "libc++";
				CLANG_ENABLE_MODULES = YES;
				CLANG_ENABLE_OBJC_ARC = YES;
				CLANG_ENABLE_OBJC_WEAK = YES;
				CLANG_WARN_BLOCK_CAPTURE_AUTORELEASING = YES;
				CLANG_WARN_BOOL_CONVERSION = YES;
				CLANG_WARN_COMMA = YES;
				CLANG_WARN_CONSTANT_CONVERSION = YES;
				CLANG_WARN_DEPRECATED_OBJC_IMPLEMENTATIONS = YES;
				CLANG_WARN_DIRECT_OBJC_ISA_USAGE = YES_ERROR;
				CLANG_WARN_DOCUMENTATION_COMMENTS = YES;
				CLANG_WARN_EMPTY_BODY = YES;
				CLANG_WARN_ENUM_CONVERSION = YES;
				CLANG_WARN_INFINITE_RECURSION = YES;
				CLANG_WARN_INT_CONVERSION = YES;
				CLANG_WARN_NON_LITERAL_NULL_CONVERSION = YES;
				CLANG_WARN_OBJC_IMPLICIT_RETAIN_SELF = YES;
				CLANG_WARN_OBJC_LITERAL_CONVERSION = YES;
				CLANG_WARN_OBJC_ROOT_CLASS = YES_ERROR;
				CLANG_WARN_RANGE_LOOP_ANALYSIS = YES;
				CLANG_WARN_STRICT_PROTOTYPES = YES;
				CLANG_WARN_SUSPICIOUS_MOVE = YES;
				CLANG_WARN_UNGUARDED_AVAILABILITY = YES_AGGRESSIVE;
				CLANG_WARN_UNREACHABLE_CODE = YES;
				CLANG_WARN__DUPLICATE_METHOD_MATCH = YES;
				COPY_PHASE_STRIP = NO;
				DEBUG_INFORMATION_FORMAT = "dwarf-with-dsym";
				ENABLE_NS_ASSERTIONS = NO;
				ENABLE_STRICT_OBJC_MSGSEND = YES;
				GCC_C_LANGUAGE_STANDARD = gnu11;
				GCC_NO_COMMON_BLOCKS = YES;
				GCC_WARN_64_TO_32_BIT_CONVERSION = YES;
				GCC_WARN_ABOUT_RETURN_TYPE = YES_ERROR;
				GCC_WARN_UNDECLARED_SELECTOR = YES;
				GCC_WARN_UNINITIALIZED_AUTOS = YES_AGGRESSIVE;
				GCC_WARN_UNUSED_FUNCTION = YES;
				GCC_WARN_UNUSED_VARIABLE = YES;
				IPHONEOS_DEPLOYMENT_TARGET = 13.2;
				MTL_ENABLE_DEBUG_INFO = NO;
				MTL_FAST_MATH = YES;
				SDKROOT = iphoneos;
				SWIFT_COMPILATION_MODE = wholemodule;
				SWIFT_OPTIMIZATION_LEVEL = "-O";
				VALIDATE_PRODUCT = YES;
			};
			name = Release;
		};
		6FF76B9F240ED481002AF250 /* Debug */ = {
			isa = XCBuildConfiguration;
			buildSettings = {
				ASSETCATALOG_COMPILER_APPICON_NAME = AppIcon;
				CODE_SIGN_STYLE = Automatic;
				INFOPLIST_FILE = MobFinal/Info.plist;
				LD_RUNPATH_SEARCH_PATHS = (
					"$(inherited)",
					"@executable_path/Frameworks",
				);
				PRODUCT_BUNDLE_IDENTIFIER = com.MobFinal;
				PRODUCT_NAME = "$(TARGET_NAME)";
				SWIFT_VERSION = 5.0;
				TARGETED_DEVICE_FAMILY = "1,2";
			};
			name = Debug;
		};
		6FF76BA0240ED481002AF250 /* Release */ = {
			isa = XCBuildConfiguration;
			buildSettings = {
				ASSETCATALOG_COMPILER_APPICON_NAME = AppIcon;
				CODE_SIGN_STYLE = Automatic;
				INFOPLIST_FILE = MobFinal/Info.plist;
				LD_RUNPATH_SEARCH_PATHS = (
					"$(inherited)",
					"@executable_path/Frameworks",
				);
				PRODUCT_BUNDLE_IDENTIFIER = com.MobFinal;
				PRODUCT_NAME = "$(TARGET_NAME)";
				SWIFT_VERSION = 5.0;
				TARGETED_DEVICE_FAMILY = "1,2";
			};
			name = Release;
		};
/* End XCBuildConfiguration section */

/* Begin XCConfigurationList section */
		6FF76B85240ED47C002AF250 /* Build configuration list for PBXProject "MobFinal" */ = {
			isa = XCConfigurationList;
			buildConfigurations = (
				6FF76B9C240ED481002AF250 /* Debug */,
				6FF76B9D240ED481002AF250 /* Release */,
			);
			defaultConfigurationIsVisible = 0;
			defaultConfigurationName = Release;
		};
		6FF76B9E240ED481002AF250 /* Build configuration list for PBXNativeTarget "MobFinal" */ = {
			isa = XCConfigurationList;
			buildConfigurations = (
				6FF76B9F240ED481002AF250 /* Debug */,
				6FF76BA0240ED481002AF250 /* Release */,
			);
			defaultConfigurationIsVisible = 0;
			defaultConfigurationName = Release;
		};
/* End XCConfigurationList section */
	};
	rootObject = 6FF76B82240ED47C002AF250 /* Project object */;
}
